
Microsoft Visual Studio Solution File, Format Version 12.00
# Visual Studio 2017
Project("{FAE04EC0-301F-11D3-BF4B-00C04F79EFBC}") = "End Game", "End Game.csproj", "{7E5CFE9B-6738-FD51-6D82-9819C475753F}"
EndProject
Project("{FAE04EC0-301F-11D3-BF4B-00C04F79EFBC}") = "End Game.Editor", "End Game.Editor.csproj", "{579AEC84-0B31-C0D2-CAD5-64D5F2D8F495}"
EndProject
Global
	GlobalSection(SolutionConfigurationPlatforms) = preSolution
		Debug|Any CPU = Debug|Any CPU
		Release|Any CPU = Release|Any CPU
	EndGlobalSection
	GlobalSection(ProjectConfigurationPlatforms) = postSolution
		{7E5CFE9B-6738-FD51-6D82-9819C475753F}.Debug|Any CPU.ActiveCfg = Debug|Any CPU
		{7E5CFE9B-6738-FD51-6D82-9819C475753F}.Debug|Any CPU.Build.0 = Debug|Any CPU
		{7E5CFE9B-6738-FD51-6D82-9819C475753F}.Release|Any CPU.ActiveCfg = Release|Any CPU
		{7E5CFE9B-6738-FD51-6D82-9819C475753F}.Release|Any CPU.Build.0 = Release|Any CPU
		{579AEC84-0B31-C0D2-CAD5-64D5F2D8F495}.Debug|Any CPU.ActiveCfg = Debug|Any CPU
		{579AEC84-0B31-C0D2-CAD5-64D5F2D8F495}.Debug|Any CPU.Build.0 = Debug|Any CPU
		{579AEC84-0B31-C0D2-CAD5-64D5F2D8F495}.Release|Any CPU.ActiveCfg = Release|Any CPU
		{579AEC84-0B31-C0D2-CAD5-64D5F2D8F495}.Release|Any CPU.Build.0 = Release|Any CPU
	EndGlobalSection
	GlobalSection(SolutionProperties) = preSolution
		HideSolutionNode = FALSE
	EndGlobalSection
EndGlobal
